
Microsoft Visual Studio Solution File, Format Version 11.00
# Visual Studio 2010
Project("{FAE04EC0-301F-11D3-BF4B-00C04F79EFBC}") = "Liniar Algebra", "Liniar Algebra.csproj", "{310E0838-BC00-4947-B18B-879553550750}"
EndProject
Global
	GlobalSection(SolutionConfigurationPlatforms) = preSolution
		Debug|Any CPU = Debug|Any CPU
		Release|Any CPU = Release|Any CPU
	EndGlobalSection
	GlobalSection(ProjectConfigurationPlatforms) = postSolution
		{310E0838-BC00-4947-B18B-879553550750}.Debug|Any CPU.ActiveCfg = Debug|Any CPU
		{310E0838-BC00-4947-B18B-879553550750}.Debug|Any CPU.Build.0 = Debug|Any CPU
		{310E0838-BC00-4947-B18B-879553550750}.Release|Any CPU.ActiveCfg = Release|Any CPU
		{310E0838-BC00-4947-B18B-879553550750}.Release|Any CPU.Build.0 = Release|Any CPU
	EndGlobalSection
	GlobalSection(SolutionProperties) = preSolution
		HideSolutionNode = FALSE
	EndGlobalSection
EndGlobal
