
Microsoft Visual Studio Solution File, Format Version 11.00
# Visual Studio 2010
Project("{2150E333-8FDC-42A3-9474-1A3956D46DE8}") = "Solution Items", "Solution Items", "{1ED943F1-9E71-4F3D-B92E-AA3C0456A6E8}"
	ProjectSection(SolutionItems) = preProject
		..\Документы\Closed Bezier Spline 4-point sample.docx = ..\Документы\Closed Bezier Spline 4-point sample.docx
		..\Документы\Closed Bezier Spline.docx = ..\Документы\Closed Bezier Spline.docx
	EndProjectSection
EndProject
Project("{FAE04EC0-301F-11D3-BF4B-00C04F79EFBC}") = "DrawSampledCircle", "DrawSampledCircle\DrawSampledCircle.csproj", "{EAA8D852-AA69-43CB-A85F-7886F2FD4B90}"
EndProject
Global
	GlobalSection(SolutionConfigurationPlatforms) = preSolution
		Debug|Any CPU = Debug|Any CPU
		Release|Any CPU = Release|Any CPU
	EndGlobalSection
	GlobalSection(ProjectConfigurationPlatforms) = postSolution
		{EAA8D852-AA69-43CB-A85F-7886F2FD4B90}.Debug|Any CPU.ActiveCfg = Debug|Any CPU
		{EAA8D852-AA69-43CB-A85F-7886F2FD4B90}.Debug|Any CPU.Build.0 = Debug|Any CPU
		{EAA8D852-AA69-43CB-A85F-7886F2FD4B90}.Release|Any CPU.ActiveCfg = Release|Any CPU
		{EAA8D852-AA69-43CB-A85F-7886F2FD4B90}.Release|Any CPU.Build.0 = Release|Any CPU
	EndGlobalSection
	GlobalSection(SolutionProperties) = preSolution
		HideSolutionNode = FALSE
	EndGlobalSection
EndGlobal
